
Microsoft Visual Studio Solution File, Format Version 12.00
# Visual Studio 15
VisualStudioVersion = 15.0.28307.1684
MinimumVisualStudioVersion = 10.0.40219.1
Project("{FAE04EC0-301F-11D3-BF4B-00C04F79EFBC}") = "rock-paper", "rock-paper\rock-paper.csproj", "{1AB20820-E6ED-4EB9-A08B-D6030760428A}"
EndProject
Global
	GlobalSection(SolutionConfigurationPlatforms) = preSolution
		Debug|Any CPU = Debug|Any CPU
		Release|Any CPU = Release|Any CPU
	EndGlobalSection
	GlobalSection(ProjectConfigurationPlatforms) = postSolution
		{1AB20820-E6ED-4EB9-A08B-D6030760428A}.Debug|Any CPU.ActiveCfg = Debug|Any CPU
		{1AB20820-E6ED-4EB9-A08B-D6030760428A}.Debug|Any CPU.Build.0 = Debug|Any CPU
		{1AB20820-E6ED-4EB9-A08B-D6030760428A}.Release|Any CPU.ActiveCfg = Release|Any CPU
		{1AB20820-E6ED-4EB9-A08B-D6030760428A}.Release|Any CPU.Build.0 = Release|Any CPU
	EndGlobalSection
	GlobalSection(SolutionProperties) = preSolution
		HideSolutionNode = FALSE
	EndGlobalSection
	GlobalSection(ExtensibilityGlobals) = postSolution
		SolutionGuid = {BC8C28E8-DE26-4976-AD36-77E1DE6BD4E6}
	EndGlobalSection
EndGlobal
